
Microsoft Visual Studio Solution File, Format Version 12.00
# Visual Studio Version 17
VisualStudioVersion = 17.9.34728.123
MinimumVisualStudioVersion = 10.0.40219.1
Project("{FAE04EC0-301F-11D3-BF4B-00C04F79EFBC}") = "MT_Kol_Term_1", "MT_Kol_Term_1\MT_Kol_Term_1.csproj", "{FECFA52D-6806-401F-B6E5-1D27E88F0054}"
EndProject
Global
	GlobalSection(SolutionConfigurationPlatforms) = preSolution
		Debug|Any CPU = Debug|Any CPU
		Release|Any CPU = Release|Any CPU
	EndGlobalSection
	GlobalSection(ProjectConfigurationPlatforms) = postSolution
		{FECFA52D-6806-401F-B6E5-1D27E88F0054}.Debug|Any CPU.ActiveCfg = Debug|Any CPU
		{FECFA52D-6806-401F-B6E5-1D27E88F0054}.Debug|Any CPU.Build.0 = Debug|Any CPU
		{FECFA52D-6806-401F-B6E5-1D27E88F0054}.Release|Any CPU.ActiveCfg = Release|Any CPU
		{FECFA52D-6806-401F-B6E5-1D27E88F0054}.Release|Any CPU.Build.0 = Release|Any CPU
	EndGlobalSection
	GlobalSection(SolutionProperties) = preSolution
		HideSolutionNode = FALSE
	EndGlobalSection
	GlobalSection(ExtensibilityGlobals) = postSolution
		SolutionGuid = {1B8FFF1C-67C5-42CA-BD10-78354F236FFA}
	EndGlobalSection
EndGlobal
